// !$*UTF8*$!
{
	archiveVersion = 1;
	classes = {
	};
	objectVersion = 46;
	objects = {

/* Begin PBXBuildFile section */
		3D60A2661CC5D455006803A8 /* AppDelegate.swift in Sources */ = {isa = PBXBuildFile; fileRef = 3D60A2651CC5D455006803A8 /* AppDelegate.swift */; };
		3D60A2681CC5D455006803A8 /* ViewController.swift in Sources */ = {isa = PBXBuildFile; fileRef = 3D60A2671CC5D455006803A8 /* ViewController.swift */; };
		3D60A26B1CC5D456006803A8 /* Main.storyboard in Resources */ = {isa = PBXBuildFile; fileRef = 3D60A2691CC5D456006803A8 /* Main.storyboard */; };
		3D60A26D1CC5D456006803A8 /* Assets.xcassets in Resources */ = {isa = PBXBuildFile; fileRef = 3D60A26C1CC5D456006803A8 /* Assets.xcassets */; };
		3D60A2701CC5D456006803A8 /* LaunchScreen.storyboard in Resources */ = {isa = PBXBuildFile; fileRef = 3D60A26E1CC5D456006803A8 /* LaunchScreen.storyboard */; };
		3D60A27B1CC5D456006803A8 /* testaaUITests.swift in Sources */ = {isa = PBXBuildFile; fileRef = 3D60A27A1CC5D456006803A8 /* testaaUITests.swift */; };
/* End PBXBuildFile section */

/* Begin PBXContainerItemProxy section */
		3D60A2771CC5D456006803A8 /* PBXContainerItemProxy */ = {
			isa = PBXContainerItemProxy;
			containerPortal = 3D60A25A1CC5D455006803A8 /* Project object */;
			proxyType = 1;
			remoteGlobalIDString = 3D60A2611CC5D455006803A8;
			remoteInfo = testaa;
		};
/* End PBXContainerItemProxy section */

/* Begin PBXFileReference section */
		3D60A2621CC5D455006803A8 /* HGT-Release.app */ = {isa = PBXFileReference; explicitFileType = wrapper.application; includeInIndex = 0; path = "HGT-Release.app"; sourceTree = BUILT_PRODUCTS_DIR; };
		3D60A2651CC5D455006803A8 /* AppDelegate.swift */ = {isa = PBXFileReference; lastKnownFileType = sourcecode.swift; path = AppDelegate.swift; sourceTree = "<group>"; };
		3D60A2671CC5D455006803A8 /* ViewController.swift */ = {isa = PBXFileReference; lastKnownFileType = sourcecode.swift; path = ViewController.swift; sourceTree = "<group>"; };
		3D60A26A1CC5D456006803A8 /* Base */ = {isa = PBXFileReference; lastKnownFileType = file.storyboard; name = Base; path = Base.lproj/Main.storyboard; sourceTree = "<group>"; };
		3D60A26C1CC5D456006803A8 /* Assets.xcassets */ = {isa = PBXFileReference; lastKnownFileType = folder.assetcatalog; path = Assets.xcassets; sourceTree = "<group>"; };
		3D60A26F1CC5D456006803A8 /* Base */ = {isa = PBXFileReference; lastKnownFileType = file.storyboard; name = Base; path = Base.lproj/LaunchScreen.storyboard; sourceTree = "<group>"; };
		3D60A2711CC5D456006803A8 /* Info.plist */ = {isa = PBXFileReference; lastKnownFileType = text.plist.xml; path = Info.plist; sourceTree = "<group>"; };
		3D60A2761CC5D456006803A8 /* testaaUITests.xctest */ = {isa = PBXFileReference; explicitFileType = wrapper.cfbundle; includeInIndex = 0; path = testaaUITests.xctest; sourceTree = BUILT_PRODUCTS_DIR; };
		3D60A27A1CC5D456006803A8 /* testaaUITests.swift */ = {isa = PBXFileReference; lastKnownFileType = sourcecode.swift; path = testaaUITests.swift; sourceTree = "<group>"; };
		3D60A27C1CC5D456006803A8 /* Info.plist */ = {isa = PBXFileReference; lastKnownFileType = text.plist.xml; path = Info.plist; sourceTree = "<group>"; };
/* End PBXFileReference section */

/* Begin PBXFrameworksBuildPhase section */
		3D60A25F1CC5D455006803A8 /* Frameworks */ = {
			isa = PBXFrameworksBuildPhase;
			buildActionMask = 2147483647;
			files = (
			);
			runOnlyForDeploymentPostprocessing = 0;
		};
		3D60A2731CC5D456006803A8 /* Frameworks */ = {
			isa = PBXFrameworksBuildPhase;
			buildActionMask = 2147483647;
			files = (
			);
			runOnlyForDeploymentPostprocessing = 0;
		};
/* End PBXFrameworksBuildPhase section */

/* Begin PBXGroup section */
		3D60A2591CC5D455006803A8 = {
			isa = PBXGroup;
			children = (
				3D60A2641CC5D455006803A8 /* testaa */,
				3D60A2791CC5D456006803A8 /* testaaUITests */,
				3D60A2631CC5D455006803A8 /* Products */,
			);
			sourceTree = "<group>";
		};
		3D60A2631CC5D455006803A8 /* Products */ = {
			isa = PBXGroup;
			children = (
				3D60A2621CC5D455006803A8 /* HGT-Release.app */,
				3D60A2761CC5D456006803A8 /* testaaUITests.xctest */,
			);
			name = Products;
			sourceTree = "<group>";
		};
		3D60A2641CC5D455006803A8 /* testaa */ = {
			isa = PBXGroup;
			children = (
				3D60A2651CC5D455006803A8 /* AppDelegate.swift */,
				3D60A2671CC5D455006803A8 /* ViewController.swift */,
				3D60A2691CC5D456006803A8 /* Main.storyboard */,
				3D60A26C1CC5D456006803A8 /* Assets.xcassets */,
				3D60A26E1CC5D456006803A8 /* LaunchScreen.storyboard */,
				3D60A2711CC5D456006803A8 /* Info.plist */,
			);
			path = testaa;
			sourceTree = "<group>";
		};
		3D60A2791CC5D456006803A8 /* testaaUITests */ = {
			isa = PBXGroup;
			children = (
				3D60A27A1CC5D456006803A8 /* testaaUITests.swift */,
				3D60A27C1CC5D456006803A8 /* Info.plist */,
			);
			path = testaaUITests;
			sourceTree = "<group>";
		};
/* End PBXGroup section */

/* Begin PBXNativeTarget section */
		3D60A2611CC5D455006803A8 /* HGT-Release */ = {
			isa = PBXNativeTarget;
			buildConfigurationList = 3D60A27F1CC5D456006803A8 /* Build configuration list for PBXNativeTarget "HGT-Release" */;
			buildPhases = (
				3D60A25E1CC5D455006803A8 /* Sources */,
				3D60A25F1CC5D455006803A8 /* Frameworks */,
				3D60A2601CC5D455006803A8 /* Resources */,
			);
			buildRules = (
			);
			dependencies = (
			);
			name = "HGT-Release";
			productName = testaa;
			productReference = 3D60A2621CC5D455006803A8 /* HGT-Release.app */;
			productType = "com.apple.product-type.application";
		};
		3D60A2751CC5D456006803A8 /* testaaUITests */ = {
			isa = PBXNativeTarget;
			buildConfigurationList = 3D60A2821CC5D456006803A8 /* Build configuration list for PBXNativeTarget "testaaUITests" */;
			buildPhases = (
				3D60A2721CC5D456006803A8 /* Sources */,
				3D60A2731CC5D456006803A8 /* Frameworks */,
				3D60A2741CC5D456006803A8 /* Resources */,
			);
			buildRules = (
			);
			dependencies = (
				3D60A2781CC5D456006803A8 /* PBXTargetDependency */,
			);
			name = testaaUITests;
			productName = testaaUITests;
			productReference = 3D60A2761CC5D456006803A8 /* testaaUITests.xctest */;
			productType = "com.apple.product-type.bundle.ui-testing";
		};
/* End PBXNativeTarget section */

/* Begin PBXProject section */
		3D60A25A1CC5D455006803A8 /* Project object */ = {
			isa = PBXProject;
			attributes = {
				LastSwiftUpdateCheck = 0730;
				LastUpgradeCheck = 0730;
				ORGANIZATIONNAME = witness;
				TargetAttributes = {
					3D60A2611CC5D455006803A8 = {
						CreatedOnToolsVersion = 7.3;
					};
					3D60A2751CC5D456006803A8 = {
						CreatedOnToolsVersion = 7.3;
						TestTargetID = 3D60A2611CC5D455006803A8;
					};
				};
			};
			buildConfigurationList = 3D60A25D1CC5D455006803A8 /* Build configuration list for PBXProject "testaa" */;
			compatibilityVersion = "Xcode 3.2";
			developmentRegion = English;
			hasScannedForEncodings = 0;
			knownRegions = (
				en,
				Base,
			);
			mainGroup = 3D60A2591CC5D455006803A8;
			productRefGroup = 3D60A2631CC5D455006803A8 /* Products */;
			projectDirPath = "";
			projectRoot = "";
			targets = (
				3D60A2611CC5D455006803A8 /* HGT-Release */,
				3D60A2751CC5D456006803A8 /* testaaUITests */,
			);
		};
/* End PBXProject section */

/* Begin PBXResourcesBuildPhase section */
		3D60A2601CC5D455006803A8 /* Resources */ = {
			isa = PBXResourcesBuildPhase;
			buildActionMask = 2147483647;
			files = (
				3D60A2701CC5D456006803A8 /* LaunchScreen.storyboard in Resources */,
				3D60A26D1CC5D456006803A8 /* Assets.xcassets in Resources */,
				3D60A26B1CC5D456006803A8 /* Main.storyboard in Resources */,
			);
			runOnlyForDeploymentPostprocessing = 0;
		};
		3D60A2741CC5D456006803A8 /* Resources */ = {
			isa = PBXResourcesBuildPhase;
			buildActionMask = 2147483647;
			files = (
			);
			runOnlyForDeploymentPostprocessing = 0;
		};
/* End PBXResourcesBuildPhase section */

/* Begin PBXSourcesBuildPhase section */
		3D60A25E1CC5D455006803A8 /* Sources */ = {
			isa = PBXSourcesBuildPhase;
			buildActionMask = 2147483647;
			files = (
				3D60A2681CC5D455006803A8 /* ViewController.swift in Sources */,
				3D60A2661CC5D455006803A8 /* AppDelegate.swift in Sources */,
			);
			runOnlyForDeploymentPostprocessing = 0;
		};
		3D60A2721CC5D456006803A8 /* Sources */ = {
			isa = PBXSourcesBuildPhase;
			buildActionMask = 2147483647;
			files = (
				3D60A27B1CC5D456006803A8 /* testaaUITests.swift in Sources */,
			);
			runOnlyForDeploymentPostprocessing = 0;
		};
/* End PBXSourcesBuildPhase section */

/* Begin PBXTargetDependency section */
		3D60A2781CC5D456006803A8 /* PBXTargetDependency */ = {
			isa = PBXTargetDependency;
			target = 3D60A2611CC5D455006803A8 /* HGT-Release */;
			targetProxy = 3D60A2771CC5D456006803A8 /* PBXContainerItemProxy */;
		};
/* End PBXTargetDependency section */

/* Begin PBXVariantGroup section */
		3D60A2691CC5D456006803A8 /* Main.storyboard */ = {
			isa = PBXVariantGroup;
			children = (
				3D60A26A1CC5D456006803A8 /* Base */,
			);
			name = Main.storyboard;
			sourceTree = "<group>";
		};
		3D60A26E1CC5D456006803A8 /* LaunchScreen.storyboard */ = {
			isa = PBXVariantGroup;
			children = (
				3D60A26F1CC5D456006803A8 /* Base */,
			);
			name = LaunchScreen.storyboard;
			sourceTree = "<group>";
		};
/* End PBXVariantGroup section */

/* Begin XCBuildConfiguration section */
		3D60A27D1CC5D456006803A8 /* Debug */ = {
			isa = XCBuildConfiguration;
			buildSettings = {
				ALWAYS_SEARCH_USER_PATHS = NO;
				CLANG_ANALYZER_NONNULL = YES;
				CLANG_CXX_LANGUAGE_STANDARD = "gnu++0x";
				CLANG_CXX_LIBRARY = "libc++";
				CLANG_ENABLE_MODULES = YES;
				CLANG_ENABLE_OBJC_ARC = YES;
				CLANG_WARN_BOOL_CONVERSION = YES;
				CLANG_WARN_CONSTANT_CONVERSION = YES;
				CLANG_WARN_DIRECT_OBJC_ISA_USAGE = YES_ERROR;
				CLANG_WARN_EMPTY_BODY = YES;
				CLANG_WARN_ENUM_CONVERSION = YES;
				CLANG_WARN_INT_CONVERSION = YES;
				CLANG_WARN_OBJC_ROOT_CLASS = YES_ERROR;
				CLANG_WARN_UNREACHABLE_CODE = YES;
				CLANG_WARN__DUPLICATE_METHOD_MATCH = YES;
				"CODE_SIGN_IDENTITY[sdk=iphoneos*]" = "iPhone Developer";
				COPY_PHASE_STRIP = NO;
				DEBUG_INFORMATION_FORMAT = dwarf;
				ENABLE_STRICT_OBJC_MSGSEND = YES;
				ENABLE_TESTABILITY = YES;
				GCC_C_LANGUAGE_STANDARD = gnu99;
				GCC_DYNAMIC_NO_PIC = NO;
				GCC_NO_COMMON_BLOCKS = YES;
				GCC_OPTIMIZATION_LEVEL = 0;
				GCC_PREPROCESSOR_DEFINITIONS = (
					"DEBUG=1",
					"$(inherited)",
				);
				GCC_WARN_64_TO_32_BIT_CONVERSION = YES;
				GCC_WARN_ABOUT_RETURN_TYPE = YES_ERROR;
				GCC_WARN_UNDECLARED_SELECTOR = YES;
				GCC_WARN_UNINITIALIZED_AUTOS = YES_AGGRESSIVE;
				GCC_WARN_UNUSED_FUNCTION = YES;
				GCC_WARN_UNUSED_VARIABLE = YES;
				IPHONEOS_DEPLOYMENT_TARGET = 9.3;
				MTL_ENABLE_DEBUG_INFO = YES;
				ONLY_ACTIVE_ARCH = YES;
				SDKROOT = iphoneos;
				SWIFT_OPTIMIZATION_LEVEL = "-Onone";
			};
			name = Debug;
		};
		3D60A27E1CC5D456006803A8 /* Release */ = {
			isa = XCBuildConfiguration;
			buildSettings = {
				ALWAYS_SEARCH_USER_PATHS = NO;
				CLANG_ANALYZER_NONNULL = YES;
				CLANG_CXX_LANGUAGE_STANDARD = "gnu++0x";
				CLANG_CXX_LIBRARY = "libc++";
				CLANG_ENABLE_MODULES = YES;
				CLANG_ENABLE_OBJC_ARC = YES;
				CLANG_WARN_BOOL_CONVERSION = YES;
				CLANG_WARN_CONSTANT_CONVERSION = YES;
				CLANG_WARN_DIRECT_OBJC_ISA_USAGE = YES_ERROR;
				CLANG_WARN_EMPTY_BODY = YES;
				CLANG_WARN_ENUM_CONVERSION = YES;
				CLANG_WARN_INT_CONVERSION = YES;
				CLANG_WARN_OBJC_ROOT_CLASS = YES_ERROR;
				CLANG_WARN_UNREACHABLE_CODE = YES;
				CLANG_WARN__DUPLICATE_METHOD_MATCH = YES;
				"CODE_SIGN_IDENTITY[sdk=iphoneos*]" = "iPhone Developer";
				COPY_PHASE_STRIP = NO;
				DEBUG_INFORMATION_FORMAT = "dwarf-with-dsym";
				ENABLE_NS_ASSERTIONS = NO;
				ENABLE_STRICT_OBJC_MSGSEND = YES;
				GCC_C_LANGUAGE_STANDARD = gnu99;
				GCC_NO_COMMON_BLOCKS = YES;
				GCC_WARN_64_TO_32_BIT_CONVERSION = YES;
				GCC_WARN_ABOUT_RETURN_TYPE = YES_ERROR;
				GCC_WARN_UNDECLARED_SELECTOR = YES;
				GCC_WARN_UNINITIALIZED_AUTOS = YES_AGGRESSIVE;
				GCC_WARN_UNUSED_FUNCTION = YES;
				GCC_WARN_UNUSED_VARIABLE = YES;
				IPHONEOS_DEPLOYMENT_TARGET = 9.3;
				MTL_ENABLE_DEBUG_INFO = NO;
				SDKROOT = iphoneos;
				VALIDATE_PRODUCT = YES;
			};
			name = Release;
		};
		3D60A2801CC5D456006803A8 /* Debug */ = {
			isa = XCBuildConfiguration;
			buildSettings = {
				ASSETCATALOG_COMPILER_APPICON_NAME = AppIcon;
				CODE_SIGN_RESOURCE_RULES_PATH = "$(SDKROOT)/ResourceRules.plist";
				INFOPLIST_FILE = testaa/Info.plist;
				LD_RUNPATH_SEARCH_PATHS = "$(inherited) @executable_path/Frameworks";
				PRODUCT_BUNDLE_IDENTIFIER = com.haoluo.hgt2;
				PRODUCT_NAME = "$(TARGET_NAME)";
			};
			name = Debug;
		};
		3D60A2811CC5D456006803A8 /* Release */ = {
			isa = XCBuildConfiguration;
			buildSettings = {
				ASSETCATALOG_COMPILER_APPICON_NAME = AppIcon;
				CODE_SIGN_RESOURCE_RULES_PATH = "$(SDKROOT)/ResourceRules.plist";
				INFOPLIST_FILE = testaa/Info.plist;
				LD_RUNPATH_SEARCH_PATHS = "$(inherited) @executable_path/Frameworks";
				PRODUCT_BUNDLE_IDENTIFIER = com.haoluo.hgt2;
				PRODUCT_NAME = "$(TARGET_NAME)";
			};
			name = Release;
		};
		3D60A2831CC5D456006803A8 /* Debug */ = {
			isa = XCBuildConfiguration;
			buildSettings = {
				INFOPLIST_FILE = testaaUITests/Info.plist;
				LD_RUNPATH_SEARCH_PATHS = "$(inherited) @executable_path/Frameworks @loader_path/Frameworks";
				PRODUCT_BUNDLE_IDENTIFIER = com.witness.testaaUITests;
				PRODUCT_NAME = "$(TARGET_NAME)";
				TEST_TARGET_NAME = testaa;
			};
			name = Debug;
		};
		3D60A2841CC5D456006803A8 /* Release */ = {
			isa = XCBuildConfiguration;
			buildSettings = {
				INFOPLIST_FILE = testaaUITests/Info.plist;
				LD_RUNPATH_SEARCH_PATHS = "$(inherited) @executable_path/Frameworks @loader_path/Frameworks";
				PRODUCT_BUNDLE_IDENTIFIER = com.witness.testaaUITests;
				PRODUCT_NAME = "$(TARGET_NAME)";
				TEST_TARGET_NAME = testaa;
			};
			name = Release;
		};
/* End XCBuildConfiguration section */

/* Begin XCConfigurationList section */
		3D60A25D1CC5D455006803A8 /* Build configuration list for PBXProject "testaa" */ = {
			isa = XCConfigurationList;
			buildConfigurations = (
				3D60A27D1CC5D456006803A8 /* Debug */,
				3D60A27E1CC5D456006803A8 /* Release */,
			);
			defaultConfigurationIsVisible = 0;
			defaultConfigurationName = Release;
		};
		3D60A27F1CC5D456006803A8 /* Build configuration list for PBXNativeTarget "HGT-Release" */ = {
			isa = XCConfigurationList;
			buildConfigurations = (
				3D60A2801CC5D456006803A8 /* Debug */,
				3D60A2811CC5D456006803A8 /* Release */,
			);
			defaultConfigurationIsVisible = 0;
			defaultConfigurationName = Release;
		};
		3D60A2821CC5D456006803A8 /* Build configuration list for PBXNativeTarget "testaaUITests" */ = {
			isa = XCConfigurationList;
			buildConfigurations = (
				3D60A2831CC5D456006803A8 /* Debug */,
				3D60A2841CC5D456006803A8 /* Release */,
			);
			defaultConfigurationIsVisible = 0;
			defaultConfigurationName = Release;
		};
/* End XCConfigurationList section */
	};
	rootObject = 3D60A25A1CC5D455006803A8 /* Project object */;
}
